// !$*UTF8*$!
{
	archiveVersion = 1;
	classes = {
	};
	objectVersion = 46;
	objects = {

/* Begin PBXBuildFile section */
		C942AD17145B4BB6004FEE53 /* UIKit.framework in Frameworks */ = {isa = PBXBuildFile; fileRef = C942AD16145B4BB6004FEE53 /* UIKit.framework */; };
		C942AD19145B4BB6004FEE53 /* Foundation.framework in Frameworks */ = {isa = PBXBuildFile; fileRef = C942AD18145B4BB6004FEE53 /* Foundation.framework */; };
		C942AD1F145B4BB6004FEE53 /* InfoPlist.strings in Resources */ = {isa = PBXBuildFile; fileRef = C942AD1D145B4BB6004FEE53 /* InfoPlist.strings */; };
		C942AD21145B4BB6004FEE53 /* main.m in Sources */ = {isa = PBXBuildFile; fileRef = C942AD20145B4BB6004FEE53 /* main.m */; };
		C942AD25145B4BB6004FEE53 /* AppDelegate.m in Sources */ = {isa = PBXBuildFile; fileRef = C942AD24145B4BB6004FEE53 /* AppDelegate.m */; };
		C942AD28145B4BB6004FEE53 /* FirstViewController.m in Sources */ = {isa = PBXBuildFile; fileRef = C942AD27145B4BB6004FEE53 /* FirstViewController.m */; };
		C942AD2A145B4BB6004FEE53 /* first.png in Resources */ = {isa = PBXBuildFile; fileRef = C942AD29145B4BB6004FEE53 /* first.png */; };
		C942AD2C145B4BB6004FEE53 /* first@2x.png in Resources */ = {isa = PBXBuildFile; fileRef = C942AD2B145B4BB6004FEE53 /* first@2x.png */; };
		C942AD2F145B4BB6004FEE53 /* SecondViewController.m in Sources */ = {isa = PBXBuildFile; fileRef = C942AD2E145B4BB6004FEE53 /* SecondViewController.m */; };
		C942AD31145B4BB6004FEE53 /* second.png in Resources */ = {isa = PBXBuildFile; fileRef = C942AD30145B4BB6004FEE53 /* second.png */; };
		C942AD33145B4BB6004FEE53 /* second@2x.png in Resources */ = {isa = PBXBuildFile; fileRef = C942AD32145B4BB6004FEE53 /* second@2x.png */; };
		C942AD36145B4BB6004FEE53 /* FirstViewController_iPhone.xib in Resources */ = {isa = PBXBuildFile; fileRef = C942AD34145B4BB6004FEE53 /* FirstViewController_iPhone.xib */; };
		C942AD39145B4BB6004FEE53 /* FirstViewController_iPad.xib in Resources */ = {isa = PBXBuildFile; fileRef = C942AD37145B4BB6004FEE53 /* FirstViewController_iPad.xib */; };
		C942AD3C145B4BB6004FEE53 /* SecondViewController_iPhone.xib in Resources */ = {isa = PBXBuildFile; fileRef = C942AD3A145B4BB6004FEE53 /* SecondViewController_iPhone.xib */; };
		C942AD3F145B4BB6004FEE53 /* SecondViewController_iPad.xib in Resources */ = {isa = PBXBuildFile; fileRef = C942AD3D145B4BB6004FEE53 /* SecondViewController_iPad.xib */; };
		C942AD47145B4BB6004FEE53 /* SenTestingKit.framework in Frameworks */ = {isa = PBXBuildFile; fileRef = C942AD46145B4BB6004FEE53 /* SenTestingKit.framework */; };
		C942AD48145B4BB6004FEE53 /* UIKit.framework in Frameworks */ = {isa = PBXBuildFile; fileRef = C942AD16145B4BB6004FEE53 /* UIKit.framework */; };
		C942AD49145B4BB6004FEE53 /* Foundation.framework in Frameworks */ = {isa = PBXBuildFile; fileRef = C942AD18145B4BB6004FEE53 /* Foundation.framework */; };
		C942AD51145B4BB7004FEE53 /* InfoPlist.strings in Resources */ = {isa = PBXBuildFile; fileRef = C942AD4F145B4BB7004FEE53 /* InfoPlist.strings */; };
		C942AD54145B4BB7004FEE53 /* wmnfTests.m in Sources */ = {isa = PBXBuildFile; fileRef = C942AD53145B4BB7004FEE53 /* wmnfTests.m */; };
/* End PBXBuildFile section */

/* Begin PBXContainerItemProxy section */
		C942AD4A145B4BB6004FEE53 /* PBXContainerItemProxy */ = {
			isa = PBXContainerItemProxy;
			containerPortal = C942AD09145B4BB5004FEE53 /* Project object */;
			proxyType = 1;
			remoteGlobalIDString = C942AD11145B4BB5004FEE53;
			remoteInfo = wmnf;
		};
/* End PBXContainerItemProxy section */

/* Begin PBXFileReference section */
		C942AD12145B4BB6004FEE53 /* wmnf.app */ = {isa = PBXFileReference; explicitFileType = wrapper.application; includeInIndex = 0; path = wmnf.app; sourceTree = BUILT_PRODUCTS_DIR; };
		C942AD16145B4BB6004FEE53 /* UIKit.framework */ = {isa = PBXFileReference; lastKnownFileType = wrapper.framework; name = UIKit.framework; path = System/Library/Frameworks/UIKit.framework; sourceTree = SDKROOT; };
		C942AD18145B4BB6004FEE53 /* Foundation.framework */ = {isa = PBXFileReference; lastKnownFileType = wrapper.framework; name = Foundation.framework; path = System/Library/Frameworks/Foundation.framework; sourceTree = SDKROOT; };
		C942AD1C145B4BB6004FEE53 /* wmnf-Info.plist */ = {isa = PBXFileReference; path = "wmnf-Info.plist"; sourceTree = "<group>"; };
		C942AD1E145B4BB6004FEE53 /* en */ = {isa = PBXFileReference; lastKnownFileType = text.plist.strings; name = en; path = en.lproj/InfoPlist.strings; sourceTree = "<group>"; };
		C942AD20145B4BB6004FEE53 /* main.m */ = {isa = PBXFileReference; lastKnownFileType = sourcecode.c.objc; path = main.m; sourceTree = "<group>"; };
		C942AD22145B4BB6004FEE53 /* wmnf-Prefix.pch */ = {isa = PBXFileReference; path = "wmnf-Prefix.pch"; sourceTree = "<group>"; };
		C942AD23145B4BB6004FEE53 /* AppDelegate.h */ = {isa = PBXFileReference; path = AppDelegate.h; sourceTree = "<group>"; };
		C942AD24145B4BB6004FEE53 /* AppDelegate.m */ = {isa = PBXFileReference; lastKnownFileType = sourcecode.c.objc; path = AppDelegate.m; sourceTree = "<group>"; };
		C942AD26145B4BB6004FEE53 /* FirstViewController.h */ = {isa = PBXFileReference; path = FirstViewController.h; sourceTree = "<group>"; };
		C942AD27145B4BB6004FEE53 /* FirstViewController.m */ = {isa = PBXFileReference; lastKnownFileType = sourcecode.c.objc; path = FirstViewController.m; sourceTree = "<group>"; };
		C942AD29145B4BB6004FEE53 /* first.png */ = {isa = PBXFileReference; lastKnownFileType = image.png; path = first.png; sourceTree = "<group>"; };
		C942AD2B145B4BB6004FEE53 /* first@2x.png */ = {isa = PBXFileReference; lastKnownFileType = image.png; path = "first@2x.png"; sourceTree = "<group>"; };
		C942AD2D145B4BB6004FEE53 /* SecondViewController.h */ = {isa = PBXFileReference; path = SecondViewController.h; sourceTree = "<group>"; };
		C942AD2E145B4BB6004FEE53 /* SecondViewController.m */ = {isa = PBXFileReference; lastKnownFileType = sourcecode.c.objc; path = SecondViewController.m; sourceTree = "<group>"; };
		C942AD30145B4BB6004FEE53 /* second.png */ = {isa = PBXFileReference; lastKnownFileType = image.png; path = second.png; sourceTree = "<group>"; };
		C942AD32145B4BB6004FEE53 /* second@2x.png */ = {isa = PBXFileReference; lastKnownFileType = image.png; path = "second@2x.png"; sourceTree = "<group>"; };
		C942AD35145B4BB6004FEE53 /* en */ = {isa = PBXFileReference; lastKnownFileType = file.xib; name = en; path = en.lproj/FirstViewController_iPhone.xib; sourceTree = "<group>"; };
		C942AD38145B4BB6004FEE53 /* en */ = {isa = PBXFileReference; lastKnownFileType = file.xib; name = en; path = en.lproj/FirstViewController_iPad.xib; sourceTree = "<group>"; };
		C942AD3B145B4BB6004FEE53 /* en */ = {isa = PBXFileReference; lastKnownFileType = file.xib; name = en; path = en.lproj/SecondViewController_iPhone.xib; sourceTree = "<group>"; };
		C942AD3E145B4BB6004FEE53 /* en */ = {isa = PBXFileReference; lastKnownFileType = file.xib; name = en; path = en.lproj/SecondViewController_iPad.xib; sourceTree = "<group>"; };
		C942AD45145B4BB6004FEE53 /* wmnfTests.octest */ = {isa = PBXFileReference; explicitFileType = wrapper.cfbundle; includeInIndex = 0; path = wmnfTests.octest; sourceTree = BUILT_PRODUCTS_DIR; };
		C942AD46145B4BB6004FEE53 /* SenTestingKit.framework */ = {isa = PBXFileReference; lastKnownFileType = wrapper.framework; name = SenTestingKit.framework; path = Library/Frameworks/SenTestingKit.framework; sourceTree = DEVELOPER_DIR; };
		C942AD4E145B4BB6004FEE53 /* wmnfTests-Info.plist */ = {isa = PBXFileReference; path = "wmnfTests-Info.plist"; sourceTree = "<group>"; };
		C942AD50145B4BB7004FEE53 /* en */ = {isa = PBXFileReference; lastKnownFileType = text.plist.strings; name = en; path = en.lproj/InfoPlist.strings; sourceTree = "<group>"; };
		C942AD52145B4BB7004FEE53 /* wmnfTests.h */ = {isa = PBXFileReference; path = wmnfTests.h; sourceTree = "<group>"; };
		C942AD53145B4BB7004FEE53 /* wmnfTests.m */ = {isa = PBXFileReference; lastKnownFileType = sourcecode.c.objc; path = wmnfTests.m; sourceTree = "<group>"; };
/* End PBXFileReference section */

/* Begin PBXFrameworksBuildPhase section */
		C942AD0F145B4BB5004FEE53 /* Frameworks */ = {
			isa = PBXFrameworksBuildPhase;
			buildActionMask = 2147483647;
			files = (
				C942AD17145B4BB6004FEE53 /* UIKit.framework in Frameworks */,
				C942AD19145B4BB6004FEE53 /* Foundation.framework in Frameworks */,
			);
			runOnlyForDeploymentPostprocessing = 0;
		};
		C942AD41145B4BB6004FEE53 /* Frameworks */ = {
			isa = PBXFrameworksBuildPhase;
			buildActionMask = 2147483647;
			files = (
				C942AD47145B4BB6004FEE53 /* SenTestingKit.framework in Frameworks */,
				C942AD48145B4BB6004FEE53 /* UIKit.framework in Frameworks */,
				C942AD49145B4BB6004FEE53 /* Foundation.framework in Frameworks */,
			);
			runOnlyForDeploymentPostprocessing = 0;
		};
/* End PBXFrameworksBuildPhase section */

/* Begin PBXGroup section */
		C942AD07145B4BB5004FEE53 = {
			isa = PBXGroup;
			children = (
				C942AD1A145B4BB6004FEE53 /* wmnf */,
				C942AD4C145B4BB6004FEE53 /* wmnfTests */,
				C942AD15145B4BB6004FEE53 /* Frameworks */,
				C942AD13145B4BB6004FEE53 /* Products */,
			);
			sourceTree = "<group>";
		};
		C942AD13145B4BB6004FEE53 /* Products */ = {
			isa = PBXGroup;
			children = (
				C942AD12145B4BB6004FEE53 /* wmnf.app */,
				C942AD45145B4BB6004FEE53 /* wmnfTests.octest */,
			);
			name = Products;
			sourceTree = "<group>";
		};
		C942AD15145B4BB6004FEE53 /* Frameworks */ = {
			isa = PBXGroup;
			children = (
				C942AD16145B4BB6004FEE53 /* UIKit.framework */,
				C942AD18145B4BB6004FEE53 /* Foundation.framework */,
				C942AD46145B4BB6004FEE53 /* SenTestingKit.framework */,
			);
			name = Frameworks;
			sourceTree = "<group>";
		};
		C942AD1A145B4BB6004FEE53 /* wmnf */ = {
			isa = PBXGroup;
			children = (
				C942AD23145B4BB6004FEE53 /* AppDelegate.h */,
				C942AD24145B4BB6004FEE53 /* AppDelegate.m */,
				C942AD26145B4BB6004FEE53 /* FirstViewController.h */,
				C942AD27145B4BB6004FEE53 /* FirstViewController.m */,
				C942AD29145B4BB6004FEE53 /* first.png */,
				C942AD2B145B4BB6004FEE53 /* first@2x.png */,
				C942AD2D145B4BB6004FEE53 /* SecondViewController.h */,
				C942AD2E145B4BB6004FEE53 /* SecondViewController.m */,
				C942AD30145B4BB6004FEE53 /* second.png */,
				C942AD32145B4BB6004FEE53 /* second@2x.png */,
				C942AD34145B4BB6004FEE53 /* FirstViewController_iPhone.xib */,
				C942AD37145B4BB6004FEE53 /* FirstViewController_iPad.xib */,
				C942AD3A145B4BB6004FEE53 /* SecondViewController_iPhone.xib */,
				C942AD3D145B4BB6004FEE53 /* SecondViewController_iPad.xib */,
				C942AD1B145B4BB6004FEE53 /* Supporting Files */,
			);
			path = wmnf;
			sourceTree = "<group>";
		};
		C942AD1B145B4BB6004FEE53 /* Supporting Files */ = {
			isa = PBXGroup;
			children = (
				C942AD1C145B4BB6004FEE53 /* wmnf-Info.plist */,
				C942AD1D145B4BB6004FEE53 /* InfoPlist.strings */,
				C942AD20145B4BB6004FEE53 /* main.m */,
				C942AD22145B4BB6004FEE53 /* wmnf-Prefix.pch */,
			);
			name = "Supporting Files";
			sourceTree = "<group>";
		};
		C942AD4C145B4BB6004FEE53 /* wmnfTests */ = {
			isa = PBXGroup;
			children = (
				C942AD52145B4BB7004FEE53 /* wmnfTests.h */,
				C942AD53145B4BB7004FEE53 /* wmnfTests.m */,
				C942AD4D145B4BB6004FEE53 /* Supporting Files */,
			);
			path = wmnfTests;
			sourceTree = "<group>";
		};
		C942AD4D145B4BB6004FEE53 /* Supporting Files */ = {
			isa = PBXGroup;
			children = (
				C942AD4E145B4BB6004FEE53 /* wmnfTests-Info.plist */,
				C942AD4F145B4BB7004FEE53 /* InfoPlist.strings */,
			);
			name = "Supporting Files";
			sourceTree = "<group>";
		};
/* End PBXGroup section */

/* Begin PBXNativeTarget section */
		C942AD11145B4BB5004FEE53 /* wmnf */ = {
			isa = PBXNativeTarget;
			buildConfigurationList = C942AD57145B4BB7004FEE53 /* Build configuration list for PBXNativeTarget "wmnf" */;
			buildPhases = (
				C942AD0E145B4BB5004FEE53 /* Sources */,
				C942AD0F145B4BB5004FEE53 /* Frameworks */,
				C942AD10145B4BB5004FEE53 /* Resources */,
			);
			buildRules = (
			);
			dependencies = (
			);
			name = wmnf;
			productName = wmnf;
			productReference = C942AD12145B4BB6004FEE53 /* wmnf.app */;
			productType = "com.apple.product-type.application";
		};
		C942AD44145B4BB6004FEE53 /* wmnfTests */ = {
			isa = PBXNativeTarget;
			buildConfigurationList = C942AD5A145B4BB7004FEE53 /* Build configuration list for PBXNativeTarget "wmnfTests" */;
			buildPhases = (
				C942AD40145B4BB6004FEE53 /* Sources */,
				C942AD41145B4BB6004FEE53 /* Frameworks */,
				C942AD42145B4BB6004FEE53 /* Resources */,
				C942AD43145B4BB6004FEE53 /* ShellScript */,
			);
			buildRules = (
			);
			dependencies = (
				C942AD4B145B4BB6004FEE53 /* PBXTargetDependency */,
			);
			name = wmnfTests;
			productName = wmnfTests;
			productReference = C942AD45145B4BB6004FEE53 /* wmnfTests.octest */;
			productType = "com.apple.product-type.bundle";
		};
/* End PBXNativeTarget section */

/* Begin PBXProject section */
		C942AD09145B4BB5004FEE53 /* Project object */ = {
			isa = PBXProject;
			attributes = {
				LastUpgradeCheck = 0420;
			};
			buildConfigurationList = C942AD0C145B4BB5004FEE53 /* Build configuration list for PBXProject "wmnf" */;
			compatibilityVersion = "Xcode 3.2";
			developmentRegion = English;
			hasScannedForEncodings = 0;
			knownRegions = (
				en,
			);
			mainGroup = C942AD07145B4BB5004FEE53;
			productRefGroup = C942AD13145B4BB6004FEE53 /* Products */;
			projectDirPath = "";
			projectRoot = "";
			targets = (
				C942AD11145B4BB5004FEE53 /* wmnf */,
				C942AD44145B4BB6004FEE53 /* wmnfTests */,
			);
		};
/* End PBXProject section */

/* Begin PBXResourcesBuildPhase section */
		C942AD10145B4BB5004FEE53 /* Resources */ = {
			isa = PBXResourcesBuildPhase;
			buildActionMask = 2147483647;
			files = (
				C942AD1F145B4BB6004FEE53 /* InfoPlist.strings in Resources */,
				C942AD2A145B4BB6004FEE53 /* first.png in Resources */,
				C942AD2C145B4BB6004FEE53 /* first@2x.png in Resources */,
				C942AD31145B4BB6004FEE53 /* second.png in Resources */,
				C942AD33145B4BB6004FEE53 /* second@2x.png in Resources */,
				C942AD36145B4BB6004FEE53 /* FirstViewController_iPhone.xib in Resources */,
				C942AD39145B4BB6004FEE53 /* FirstViewController_iPad.xib in Resources */,
				C942AD3C145B4BB6004FEE53 /* SecondViewController_iPhone.xib in Resources */,
				C942AD3F145B4BB6004FEE53 /* SecondViewController_iPad.xib in Resources */,
			);
			runOnlyForDeploymentPostprocessing = 0;
		};
		C942AD42145B4BB6004FEE53 /* Resources */ = {
			isa = PBXResourcesBuildPhase;
			buildActionMask = 2147483647;
			files = (
				C942AD51145B4BB7004FEE53 /* InfoPlist.strings in Resources */,
			);
			runOnlyForDeploymentPostprocessing = 0;
		};
/* End PBXResourcesBuildPhase section */

/* Begin PBXShellScriptBuildPhase section */
		C942AD43145B4BB6004FEE53 /* ShellScript */ = {
			isa = PBXShellScriptBuildPhase;
			buildActionMask = 2147483647;
			files = (
			);
			inputPaths = (
			);
			outputPaths = (
			);
			runOnlyForDeploymentPostprocessing = 0;
			shellPath = /bin/sh;
			shellScript = "# Run the unit tests in this test bundle.\n\"${SYSTEM_DEVELOPER_DIR}/Tools/RunUnitTests\"\n";
		};
/* End PBXShellScriptBuildPhase section */

/* Begin PBXSourcesBuildPhase section */
		C942AD0E145B4BB5004FEE53 /* Sources */ = {
			isa = PBXSourcesBuildPhase;
			buildActionMask = 2147483647;
			files = (
				C942AD21145B4BB6004FEE53 /* main.m in Sources */,
				C942AD25145B4BB6004FEE53 /* AppDelegate.m in Sources */,
				C942AD28145B4BB6004FEE53 /* FirstViewController.m in Sources */,
				C942AD2F145B4BB6004FEE53 /* SecondViewController.m in Sources */,
			);
			runOnlyForDeploymentPostprocessing = 0;
		};
		C942AD40145B4BB6004FEE53 /* Sources */ = {
			isa = PBXSourcesBuildPhase;
			buildActionMask = 2147483647;
			files = (
				C942AD54145B4BB7004FEE53 /* wmnfTests.m in Sources */,
			);
			runOnlyForDeploymentPostprocessing = 0;
		};
/* End PBXSourcesBuildPhase section */

/* Begin PBXTargetDependency section */
		C942AD4B145B4BB6004FEE53 /* PBXTargetDependency */ = {
			isa = PBXTargetDependency;
			target = C942AD11145B4BB5004FEE53 /* wmnf */;
			targetProxy = C942AD4A145B4BB6004FEE53 /* PBXContainerItemProxy */;
		};
/* End PBXTargetDependency section */

/* Begin PBXVariantGroup section */
		C942AD1D145B4BB6004FEE53 /* InfoPlist.strings */ = {
			isa = PBXVariantGroup;
			children = (
				C942AD1E145B4BB6004FEE53 /* en */,
			);
			name = InfoPlist.strings;
			sourceTree = "<group>";
		};
		C942AD34145B4BB6004FEE53 /* FirstViewController_iPhone.xib */ = {
			isa = PBXVariantGroup;
			children = (
				C942AD35145B4BB6004FEE53 /* en */,
			);
			name = FirstViewController_iPhone.xib;
			sourceTree = "<group>";
		};
		C942AD37145B4BB6004FEE53 /* FirstViewController_iPad.xib */ = {
			isa = PBXVariantGroup;
			children = (
				C942AD38145B4BB6004FEE53 /* en */,
			);
			name = FirstViewController_iPad.xib;
			sourceTree = "<group>";
		};
		C942AD3A145B4BB6004FEE53 /* SecondViewController_iPhone.xib */ = {
			isa = PBXVariantGroup;
			children = (
				C942AD3B145B4BB6004FEE53 /* en */,
			);
			name = SecondViewController_iPhone.xib;
			sourceTree = "<group>";
		};
		C942AD3D145B4BB6004FEE53 /* SecondViewController_iPad.xib */ = {
			isa = PBXVariantGroup;
			children = (
				C942AD3E145B4BB6004FEE53 /* en */,
			);
			name = SecondViewController_iPad.xib;
			sourceTree = "<group>";
		};
		C942AD4F145B4BB7004FEE53 /* InfoPlist.strings */ = {
			isa = PBXVariantGroup;
			children = (
				C942AD50145B4BB7004FEE53 /* en */,
			);
			name = InfoPlist.strings;
			sourceTree = "<group>";
		};
/* End PBXVariantGroup section */

/* Begin XCBuildConfiguration section */
		C942AD55145B4BB7004FEE53 /* Debug */ = {
			isa = XCBuildConfiguration;
			buildSettings = {
				ALWAYS_SEARCH_USER_PATHS = NO;
				ARCHS = "$(ARCHS_STANDARD_32_BIT)";
				"CODE_SIGN_IDENTITY[sdk=iphoneos*]" = "iPhone Developer";
				COPY_PHASE_STRIP = NO;
				GCC_C_LANGUAGE_STANDARD = gnu99;
				GCC_DYNAMIC_NO_PIC = NO;
				GCC_OPTIMIZATION_LEVEL = 0;
				GCC_PREPROCESSOR_DEFINITIONS = (
					"DEBUG=1",
					"$(inherited)",
				);
				GCC_SYMBOLS_PRIVATE_EXTERN = NO;
				GCC_VERSION = com.apple.compilers.llvm.clang.1_0;
				GCC_WARN_ABOUT_MISSING_PROTOTYPES = YES;
				GCC_WARN_ABOUT_RETURN_TYPE = YES;
				GCC_WARN_UNUSED_VARIABLE = YES;
				IPHONEOS_DEPLOYMENT_TARGET = 5.0;
				SDKROOT = iphoneos;
				TARGETED_DEVICE_FAMILY = "1,2";
			};
			name = Debug;
		};
		C942AD56145B4BB7004FEE53 /* Release */ = {
			isa = XCBuildConfiguration;
			buildSettings = {
				ALWAYS_SEARCH_USER_PATHS = NO;
				ARCHS = "$(ARCHS_STANDARD_32_BIT)";
				"CODE_SIGN_IDENTITY[sdk=iphoneos*]" = "iPhone Developer";
				COPY_PHASE_STRIP = YES;
				GCC_C_LANGUAGE_STANDARD = gnu99;
				GCC_VERSION = com.apple.compilers.llvm.clang.1_0;
				GCC_WARN_ABOUT_MISSING_PROTOTYPES = YES;
				GCC_WARN_ABOUT_RETURN_TYPE = YES;
				GCC_WARN_UNUSED_VARIABLE = YES;
				IPHONEOS_DEPLOYMENT_TARGET = 5.0;
				OTHER_CFLAGS = "-DNS_BLOCK_ASSERTIONS=1";
				SDKROOT = iphoneos;
				TARGETED_DEVICE_FAMILY = "1,2";
				VALIDATE_PRODUCT = YES;
			};
			name = Release;
		};
		C942AD58145B4BB7004FEE53 /* Debug */ = {
			isa = XCBuildConfiguration;
			buildSettings = {
				GCC_PRECOMPILE_PREFIX_HEADER = YES;
				GCC_PREFIX_HEADER = "wmnf/wmnf-Prefix.pch";
				INFOPLIST_FILE = "wmnf/wmnf-Info.plist";
				PRODUCT_NAME = "$(TARGET_NAME)";
				WRAPPER_EXTENSION = app;
			};
			name = Debug;
		};
		C942AD59145B4BB7004FEE53 /* Release */ = {
			isa = XCBuildConfiguration;
			buildSettings = {
				GCC_PRECOMPILE_PREFIX_HEADER = YES;
				GCC_PREFIX_HEADER = "wmnf/wmnf-Prefix.pch";
				INFOPLIST_FILE = "wmnf/wmnf-Info.plist";
				PRODUCT_NAME = "$(TARGET_NAME)";
				WRAPPER_EXTENSION = app;
			};
			name = Release;
		};
		C942AD5B145B4BB7004FEE53 /* Debug */ = {
			isa = XCBuildConfiguration;
			buildSettings = {
				BUNDLE_LOADER = "$(BUILT_PRODUCTS_DIR)/wmnf.app/wmnf";
				FRAMEWORK_SEARCH_PATHS = (
					"$(SDKROOT)/Developer/Library/Frameworks",
					"$(DEVELOPER_LIBRARY_DIR)/Frameworks",
				);
				GCC_PRECOMPILE_PREFIX_HEADER = YES;
				GCC_PREFIX_HEADER = "wmnf/wmnf-Prefix.pch";
				INFOPLIST_FILE = "wmnfTests/wmnfTests-Info.plist";
				PRODUCT_NAME = "$(TARGET_NAME)";
				TEST_HOST = "$(BUNDLE_LOADER)";
				WRAPPER_EXTENSION = octest;
			};
			name = Debug;
		};
		C942AD5C145B4BB7004FEE53 /* Release */ = {
			isa = XCBuildConfiguration;
			buildSettings = {
				BUNDLE_LOADER = "$(BUILT_PRODUCTS_DIR)/wmnf.app/wmnf";
				FRAMEWORK_SEARCH_PATHS = (
					"$(SDKROOT)/Developer/Library/Frameworks",
					"$(DEVELOPER_LIBRARY_DIR)/Frameworks",
				);
				GCC_PRECOMPILE_PREFIX_HEADER = YES;
				GCC_PREFIX_HEADER = "wmnf/wmnf-Prefix.pch";
				INFOPLIST_FILE = "wmnfTests/wmnfTests-Info.plist";
				PRODUCT_NAME = "$(TARGET_NAME)";
				TEST_HOST = "$(BUNDLE_LOADER)";
				WRAPPER_EXTENSION = octest;
			};
			name = Release;
		};
/* End XCBuildConfiguration section */

/* Begin XCConfigurationList section */
		C942AD0C145B4BB5004FEE53 /* Build configuration list for PBXProject "wmnf" */ = {
			isa = XCConfigurationList;
			buildConfigurations = (
				C942AD55145B4BB7004FEE53 /* Debug */,
				C942AD56145B4BB7004FEE53 /* Release */,
			);
			defaultConfigurationIsVisible = 0;
			defaultConfigurationName = Release;
		};
		C942AD57145B4BB7004FEE53 /* Build configuration list for PBXNativeTarget "wmnf" */ = {
			isa = XCConfigurationList;
			buildConfigurations = (
				C942AD58145B4BB7004FEE53 /* Debug */,
				C942AD59145B4BB7004FEE53 /* Release */,
			);
			defaultConfigurationIsVisible = 0;
		};
		C942AD5A145B4BB7004FEE53 /* Build configuration list for PBXNativeTarget "wmnfTests" */ = {
			isa = XCConfigurationList;
			buildConfigurations = (
				C942AD5B145B4BB7004FEE53 /* Debug */,
				C942AD5C145B4BB7004FEE53 /* Release */,
			);
			defaultConfigurationIsVisible = 0;
		};
/* End XCConfigurationList section */
	};
	rootObject = C942AD09145B4BB5004FEE53 /* Project object */;
}
